{
  "version": 4,
  "terraform_version": "1.10.4",
  "serial": 74,
  "lineage": "4c5026db-fe86-267e-6bb4-2c00f5f2c8f3",
  "outputs": {
    "master_ip": {
      "value": "10.51.101.213",
      "type": "string"
    },
    "worker_ips": {
      "value": [
        "10.51.101.128",
        "10.51.101.77"
      ],
      "type": [
        "tuple",
        [
          "string",
          "string"
        ]
      ]
    }
  },
  "resources": [
    {
      "mode": "data",
      "type": "external",
      "name": "master_ip",
      "provider": "provider[\"registry.terraform.io/hashicorp/external\"]",
      "instances": [
        {
          "schema_version": 0,
          "attributes": {
            "id": "-",
            "program": [
              "sh",
              "-c",
              "echo '{\"ip\": \"'$(lxc list spark-master -c 4 --format csv | cut -d' ' -f1)'\"}'"
            ],
            "query": null,
            "result": {
              "ip": "10.51.101.213"
            },
            "working_dir": null
          },
          "sensitive_attributes": []
        }
      ]
    },
    {
      "mode": "data",
      "type": "external",
      "name": "worker_ips",
      "provider": "provider[\"registry.terraform.io/hashicorp/external\"]",
      "instances": [
        {
          "index_key": 0,
          "schema_version": 0,
          "attributes": {
            "id": "-",
            "program": [
              "sh",
              "-c",
              "echo '{\"ip\": \"'$(lxc list spark-worker-1 -c 4 --format csv | cut -d' ' -f1)'\"}'"
            ],
            "query": null,
            "result": {
              "ip": "10.51.101.128"
            },
            "working_dir": null
          },
          "sensitive_attributes": []
        },
        {
          "index_key": 1,
          "schema_version": 0,
          "attributes": {
            "id": "-",
            "program": [
              "sh",
              "-c",
              "echo '{\"ip\": \"'$(lxc list spark-worker-2 -c 4 --format csv | cut -d' ' -f1)'\"}'"
            ],
            "query": null,
            "result": {
              "ip": "10.51.101.77"
            },
            "working_dir": null
          },
          "sensitive_attributes": []
        }
      ]
    },
    {
      "mode": "managed",
      "type": "local_file",
      "name": "ansible_inventory",
      "provider": "provider[\"registry.terraform.io/hashicorp/local\"]",
      "instances": [
        {
          "schema_version": 0,
          "attributes": {
            "content": "# inventory.tpl\nall:\n  children:\n    spark_cluster:\n      children:\n        master:\n          hosts:\n            spark-master:\n              ansible_host: 10.51.101.213\n        workers:\n          hosts:\n                        spark-worker-1:\n              ansible_host: 10.51.101.128\n                        spark-worker-2:\n              ansible_host: 10.51.101.77\n                  vars:\n        ansible_user: debian\n        ansible_password: debian\n        ansible_become_password: debian\n        ansible_ssh_common_args: '-o StrictHostKeyChecking=no'",
            "content_base64": null,
            "content_base64sha256": "Jbn7xk17E7i/6STPFkWuebxNFbjcoK0CdANrOSpZCp4=",
            "content_base64sha512": "Qo3k0KHdViqE8XRyw1IuG0AHW0Sbw75/nICYgNE4a0eH6cVorDjrPCrEBQTOVkxELCfNC4RXUtyccD6SDEcKKg==",
            "content_md5": "b6f9b65946f873d17157f0cbe1697b2e",
            "content_sha1": "a2c3631a847a1d2ef8a7232b8050b51ccf07085c",
            "content_sha256": "25b9fbc64d7b13b8bfe924cf1645ae79bc4d15b8dca0ad0274036b392a590a9e",
            "content_sha512": "428de4d0a1dd562a84f17472c3522e1b40075b449bc3be7f9c809880d1386b4787e9c568ac38eb3c2ac40504ce564c442c27cd0b845752dc9c703e920c470a2a",
            "directory_permission": "0777",
            "file_permission": "0777",
            "filename": "./../ansible/inventory.yml",
            "id": "a2c3631a847a1d2ef8a7232b8050b51ccf07085c",
            "sensitive_content": null,
            "source": null
          },
          "sensitive_attributes": [
            [
              {
                "type": "get_attr",
                "value": "sensitive_content"
              }
            ]
          ],
          "dependencies": [
            "data.external.master_ip",
            "data.external.worker_ips",
            "lxd_instance.spark_master",
            "lxd_instance.spark_worker"
          ]
        }
      ]
    },
    {
      "mode": "managed",
      "type": "lxd_instance",
      "name": "spark_master",
      "provider": "provider[\"registry.terraform.io/terraform-lxd/lxd\"]",
      "instances": [
        {
          "schema_version": 0,
          "attributes": {
            "config": {},
            "description": "",
            "device": [],
            "ephemeral": false,
            "execs": null,
            "file": [],
            "image": "images:debian/11",
            "interfaces": {
              "eth0": {
                "ips": [
                  {
                    "address": "10.51.101.213",
                    "family": "inet",
                    "scope": "global"
                  },
                  {
                    "address": "fd42:4217:a607:2f50:216:3eff:fea3:3e6d",
                    "family": "inet6",
                    "scope": "global"
                  },
                  {
                    "address": "fe80::216:3eff:fea3:3e6d",
                    "family": "inet6",
                    "scope": "link"
                  }
                ],
                "name": "eth0",
                "state": "up",
                "type": "broadcast"
              }
            },
            "ipv4_address": "10.51.101.213",
            "ipv6_address": "fd42:4217:a607:2f50:216:3eff:fea3:3e6d",
            "limits": {},
            "mac_address": "00:16:3e:a3:3e:6d",
            "name": "spark-master",
            "profiles": [
              "default"
            ],
            "project": null,
            "remote": null,
            "running": true,
            "status": "Running",
            "target": "",
            "timeouts": null,
            "type": "container",
            "wait_for_network": true
          },
          "sensitive_attributes": []
        }
      ]
    },
    {
      "mode": "managed",
      "type": "lxd_instance",
      "name": "spark_worker",
      "provider": "provider[\"registry.terraform.io/terraform-lxd/lxd\"]",
      "instances": [
        {
          "index_key": 0,
          "schema_version": 0,
          "attributes": {
            "config": {},
            "description": "",
            "device": [],
            "ephemeral": false,
            "execs": null,
            "file": [],
            "image": "images:debian/11",
            "interfaces": {
              "eth0": {
                "ips": [
                  {
                    "address": "10.51.101.128",
                    "family": "inet",
                    "scope": "global"
                  },
                  {
                    "address": "fd42:4217:a607:2f50:216:3eff:fe74:172e",
                    "family": "inet6",
                    "scope": "global"
                  },
                  {
                    "address": "fe80::216:3eff:fe74:172e",
                    "family": "inet6",
                    "scope": "link"
                  }
                ],
                "name": "eth0",
                "state": "up",
                "type": "broadcast"
              }
            },
            "ipv4_address": "10.51.101.128",
            "ipv6_address": "fd42:4217:a607:2f50:216:3eff:fe74:172e",
            "limits": {},
            "mac_address": "00:16:3e:74:17:2e",
            "name": "spark-worker-1",
            "profiles": [
              "default"
            ],
            "project": null,
            "remote": null,
            "running": true,
            "status": "Running",
            "target": "",
            "timeouts": null,
            "type": "container",
            "wait_for_network": true
          },
          "sensitive_attributes": []
        },
        {
          "index_key": 1,
          "schema_version": 0,
          "attributes": {
            "config": {},
            "description": "",
            "device": [],
            "ephemeral": false,
            "execs": null,
            "file": [],
            "image": "images:debian/11",
            "interfaces": {
              "eth0": {
                "ips": [
                  {
                    "address": "10.51.101.77",
                    "family": "inet",
                    "scope": "global"
                  },
                  {
                    "address": "fd42:4217:a607:2f50:216:3eff:feec:28e",
                    "family": "inet6",
                    "scope": "global"
                  },
                  {
                    "address": "fe80::216:3eff:feec:28e",
                    "family": "inet6",
                    "scope": "link"
                  }
                ],
                "name": "eth0",
                "state": "up",
                "type": "broadcast"
              }
            },
            "ipv4_address": "10.51.101.77",
            "ipv6_address": "fd42:4217:a607:2f50:216:3eff:feec:28e",
            "limits": {},
            "mac_address": "00:16:3e:ec:02:8e",
            "name": "spark-worker-2",
            "profiles": [
              "default"
            ],
            "project": null,
            "remote": null,
            "running": true,
            "status": "Running",
            "target": "",
            "timeouts": null,
            "type": "container",
            "wait_for_network": true
          },
          "sensitive_attributes": []
        }
      ]
    }
  ],
  "check_results": null
}
